
Microsoft Visual Studio Solution File, Format Version 12.00
# Visual Studio Version 17
VisualStudioVersion = 17.3.32929.385
MinimumVisualStudioVersion = 10.0.40219.1
Project("{FAE04EC0-301F-11D3-BF4B-00C04F79EFBC}") = "LibraryService", "LibraryService\LibraryService.csproj", "{4674E5B7-46C2-4CD7-997E-A78B45AB2230}"
EndProject
Project("{FAE04EC0-301F-11D3-BF4B-00C04F79EFBC}") = "LibraryService.Web", "LibraryService.Web\LibraryService.Web.csproj", "{31EB9D9F-77F9-49E3-81EB-160AD4AAD2BD}"
EndProject
Global
	GlobalSection(SolutionConfigurationPlatforms) = preSolution
		Debug|Any CPU = Debug|Any CPU
		Release|Any CPU = Release|Any CPU
	EndGlobalSection
	GlobalSection(ProjectConfigurationPlatforms) = postSolution
		{4674E5B7-46C2-4CD7-997E-A78B45AB2230}.Debug|Any CPU.ActiveCfg = Debug|Any CPU
		{4674E5B7-46C2-4CD7-997E-A78B45AB2230}.Debug|Any CPU.Build.0 = Debug|Any CPU
		{4674E5B7-46C2-4CD7-997E-A78B45AB2230}.Release|Any CPU.ActiveCfg = Release|Any CPU
		{4674E5B7-46C2-4CD7-997E-A78B45AB2230}.Release|Any CPU.Build.0 = Release|Any CPU
		{31EB9D9F-77F9-49E3-81EB-160AD4AAD2BD}.Debug|Any CPU.ActiveCfg = Debug|Any CPU
		{31EB9D9F-77F9-49E3-81EB-160AD4AAD2BD}.Debug|Any CPU.Build.0 = Debug|Any CPU
		{31EB9D9F-77F9-49E3-81EB-160AD4AAD2BD}.Release|Any CPU.ActiveCfg = Release|Any CPU
		{31EB9D9F-77F9-49E3-81EB-160AD4AAD2BD}.Release|Any CPU.Build.0 = Release|Any CPU
	EndGlobalSection
	GlobalSection(SolutionProperties) = preSolution
		HideSolutionNode = FALSE
	EndGlobalSection
	GlobalSection(ExtensibilityGlobals) = postSolution
		SolutionGuid = {20A4BCE0-81EF-4C60-8471-C25A699A0033}
	EndGlobalSection
EndGlobal
